// !$*UTF8*$!
{
	archiveVersion = 1;
	classes = {
	};
	objectVersion = 48;
	objects = {

/* Begin PBXBuildFile section */
		B3007E02200D1DF500BE2C1E /* KIAppDelegateClone.m in Sources */ = {isa = PBXBuildFile; fileRef = B3007E01200D1DF500BE2C1E /* KIAppDelegateClone.m */; };
		B35C1156200BDA8D009CF8CD /* KIDoctor.m in Sources */ = {isa = PBXBuildFile; fileRef = B35C1155200BDA8D009CF8CD /* KIDoctor.m */; };
		B35C1159200BDB48009CF8CD /* KIPensioner.m in Sources */ = {isa = PBXBuildFile; fileRef = B35C1158200BDB48009CF8CD /* KIPensioner.m */; };
		B35C115C200BDB79009CF8CD /* KIBusinessMan.m in Sources */ = {isa = PBXBuildFile; fileRef = B35C115B200BDB79009CF8CD /* KIBusinessMan.m */; };
		B386186D20095605001FA4C5 /* AppDelegate.m in Sources */ = {isa = PBXBuildFile; fileRef = B386186C20095605001FA4C5 /* AppDelegate.m */; };
		B386187020095605001FA4C5 /* ViewController.m in Sources */ = {isa = PBXBuildFile; fileRef = B386186F20095605001FA4C5 /* ViewController.m */; };
		B386187320095606001FA4C5 /* Main.storyboard in Resources */ = {isa = PBXBuildFile; fileRef = B386187120095606001FA4C5 /* Main.storyboard */; };
		B386187520095606001FA4C5 /* Assets.xcassets in Resources */ = {isa = PBXBuildFile; fileRef = B386187420095606001FA4C5 /* Assets.xcassets */; };
		B386187820095606001FA4C5 /* LaunchScreen.storyboard in Resources */ = {isa = PBXBuildFile; fileRef = B386187620095606001FA4C5 /* LaunchScreen.storyboard */; };
		B386187B20095606001FA4C5 /* main.m in Sources */ = {isa = PBXBuildFile; fileRef = B386187A20095606001FA4C5 /* main.m */; };
		B38618832009571C001FA4C5 /* KIGovernment.m in Sources */ = {isa = PBXBuildFile; fileRef = B38618822009571C001FA4C5 /* KIGovernment.m */; };
/* End PBXBuildFile section */

/* Begin PBXFileReference section */
		B3007E00200D1DF500BE2C1E /* KIAppDelegateClone.h */ = {isa = PBXFileReference; lastKnownFileType = sourcecode.c.h; path = KIAppDelegateClone.h; sourceTree = "<group>"; };
		B3007E01200D1DF500BE2C1E /* KIAppDelegateClone.m */ = {isa = PBXFileReference; lastKnownFileType = sourcecode.c.objc; path = KIAppDelegateClone.m; sourceTree = "<group>"; };
		B35C1154200BDA8D009CF8CD /* KIDoctor.h */ = {isa = PBXFileReference; lastKnownFileType = sourcecode.c.h; path = KIDoctor.h; sourceTree = "<group>"; };
		B35C1155200BDA8D009CF8CD /* KIDoctor.m */ = {isa = PBXFileReference; lastKnownFileType = sourcecode.c.objc; path = KIDoctor.m; sourceTree = "<group>"; };
		B35C1157200BDB48009CF8CD /* KIPensioner.h */ = {isa = PBXFileReference; lastKnownFileType = sourcecode.c.h; path = KIPensioner.h; sourceTree = "<group>"; };
		B35C1158200BDB48009CF8CD /* KIPensioner.m */ = {isa = PBXFileReference; lastKnownFileType = sourcecode.c.objc; path = KIPensioner.m; sourceTree = "<group>"; };
		B35C115A200BDB78009CF8CD /* KIBusinessMan.h */ = {isa = PBXFileReference; lastKnownFileType = sourcecode.c.h; path = KIBusinessMan.h; sourceTree = "<group>"; };
		B35C115B200BDB79009CF8CD /* KIBusinessMan.m */ = {isa = PBXFileReference; lastKnownFileType = sourcecode.c.objc; path = KIBusinessMan.m; sourceTree = "<group>"; };
		B386186820095605001FA4C5 /* NotificationsHW.app */ = {isa = PBXFileReference; explicitFileType = wrapper.application; includeInIndex = 0; path = NotificationsHW.app; sourceTree = BUILT_PRODUCTS_DIR; };
		B386186B20095605001FA4C5 /* AppDelegate.h */ = {isa = PBXFileReference; lastKnownFileType = sourcecode.c.h; path = AppDelegate.h; sourceTree = "<group>"; };
		B386186C20095605001FA4C5 /* AppDelegate.m */ = {isa = PBXFileReference; lastKnownFileType = sourcecode.c.objc; path = AppDelegate.m; sourceTree = "<group>"; };
		B386186E20095605001FA4C5 /* ViewController.h */ = {isa = PBXFileReference; lastKnownFileType = sourcecode.c.h; path = ViewController.h; sourceTree = "<group>"; };
		B386186F20095605001FA4C5 /* ViewController.m */ = {isa = PBXFileReference; lastKnownFileType = sourcecode.c.objc; path = ViewController.m; sourceTree = "<group>"; };
		B386187220095606001FA4C5 /* Base */ = {isa = PBXFileReference; lastKnownFileType = file.storyboard; name = Base; path = Base.lproj/Main.storyboard; sourceTree = "<group>"; };
		B386187420095606001FA4C5 /* Assets.xcassets */ = {isa = PBXFileReference; lastKnownFileType = folder.assetcatalog; path = Assets.xcassets; sourceTree = "<group>"; };
		B386187720095606001FA4C5 /* Base */ = {isa = PBXFileReference; lastKnownFileType = file.storyboard; name = Base; path = Base.lproj/LaunchScreen.storyboard; sourceTree = "<group>"; };
		B386187920095606001FA4C5 /* Info.plist */ = {isa = PBXFileReference; lastKnownFileType = text.plist.xml; path = Info.plist; sourceTree = "<group>"; };
		B386187A20095606001FA4C5 /* main.m */ = {isa = PBXFileReference; lastKnownFileType = sourcecode.c.objc; path = main.m; sourceTree = "<group>"; };
		B38618812009571C001FA4C5 /* KIGovernment.h */ = {isa = PBXFileReference; lastKnownFileType = sourcecode.c.h; path = KIGovernment.h; sourceTree = "<group>"; };
		B38618822009571C001FA4C5 /* KIGovernment.m */ = {isa = PBXFileReference; lastKnownFileType = sourcecode.c.objc; path = KIGovernment.m; sourceTree = "<group>"; };
/* End PBXFileReference section */

/* Begin PBXFrameworksBuildPhase section */
		B386186520095605001FA4C5 /* Frameworks */ = {
			isa = PBXFrameworksBuildPhase;
			buildActionMask = 2147483647;
			files = (
			);
			runOnlyForDeploymentPostprocessing = 0;
		};
/* End PBXFrameworksBuildPhase section */

/* Begin PBXGroup section */
		B386185F20095605001FA4C5 = {
			isa = PBXGroup;
			children = (
				B386186A20095605001FA4C5 /* NotificationsHW */,
				B386186920095605001FA4C5 /* Products */,
			);
			sourceTree = "<group>";
		};
		B386186920095605001FA4C5 /* Products */ = {
			isa = PBXGroup;
			children = (
				B386186820095605001FA4C5 /* NotificationsHW.app */,
			);
			name = Products;
			sourceTree = "<group>";
		};
		B386186A20095605001FA4C5 /* NotificationsHW */ = {
			isa = PBXGroup;
			children = (
				B3007E00200D1DF500BE2C1E /* KIAppDelegateClone.h */,
				B3007E01200D1DF500BE2C1E /* KIAppDelegateClone.m */,
				B38618812009571C001FA4C5 /* KIGovernment.h */,
				B38618822009571C001FA4C5 /* KIGovernment.m */,
				B35C1154200BDA8D009CF8CD /* KIDoctor.h */,
				B35C1155200BDA8D009CF8CD /* KIDoctor.m */,
				B35C1157200BDB48009CF8CD /* KIPensioner.h */,
				B35C1158200BDB48009CF8CD /* KIPensioner.m */,
				B35C115A200BDB78009CF8CD /* KIBusinessMan.h */,
				B35C115B200BDB79009CF8CD /* KIBusinessMan.m */,
				B386186B20095605001FA4C5 /* AppDelegate.h */,
				B386186C20095605001FA4C5 /* AppDelegate.m */,
				B386186E20095605001FA4C5 /* ViewController.h */,
				B386186F20095605001FA4C5 /* ViewController.m */,
				B386187120095606001FA4C5 /* Main.storyboard */,
				B386187420095606001FA4C5 /* Assets.xcassets */,
				B386187620095606001FA4C5 /* LaunchScreen.storyboard */,
				B386187920095606001FA4C5 /* Info.plist */,
				B386187A20095606001FA4C5 /* main.m */,
			);
			path = NotificationsHW;
			sourceTree = "<group>";
		};
/* End PBXGroup section */

/* Begin PBXNativeTarget section */
		B386186720095605001FA4C5 /* NotificationsHW */ = {
			isa = PBXNativeTarget;
			buildConfigurationList = B386187E20095606001FA4C5 /* Build configuration list for PBXNativeTarget "NotificationsHW" */;
			buildPhases = (
				B386186420095605001FA4C5 /* Sources */,
				B386186520095605001FA4C5 /* Frameworks */,
				B386186620095605001FA4C5 /* Resources */,
			);
			buildRules = (
			);
			dependencies = (
			);
			name = NotificationsHW;
			productName = NotificationsHW;
			productReference = B386186820095605001FA4C5 /* NotificationsHW.app */;
			productType = "com.apple.product-type.application";
		};
/* End PBXNativeTarget section */

/* Begin PBXProject section */
		B386186020095605001FA4C5 /* Project object */ = {
			isa = PBXProject;
			attributes = {
				LastUpgradeCheck = 0920;
				ORGANIZATIONNAME = "Ivan Kozaderov";
				TargetAttributes = {
					B386186720095605001FA4C5 = {
						CreatedOnToolsVersion = 9.2;
						ProvisioningStyle = Automatic;
					};
				};
			};
			buildConfigurationList = B386186320095605001FA4C5 /* Build configuration list for PBXProject "NotificationsHW" */;
			compatibilityVersion = "Xcode 8.0";
			developmentRegion = en;
			hasScannedForEncodings = 0;
			knownRegions = (
				en,
				Base,
			);
			mainGroup = B386185F20095605001FA4C5;
			productRefGroup = B386186920095605001FA4C5 /* Products */;
			projectDirPath = "";
			projectRoot = "";
			targets = (
				B386186720095605001FA4C5 /* NotificationsHW */,
			);
		};
/* End PBXProject section */

/* Begin PBXResourcesBuildPhase section */
		B386186620095605001FA4C5 /* Resources */ = {
			isa = PBXResourcesBuildPhase;
			buildActionMask = 2147483647;
			files = (
				B386187820095606001FA4C5 /* LaunchScreen.storyboard in Resources */,
				B386187520095606001FA4C5 /* Assets.xcassets in Resources */,
				B386187320095606001FA4C5 /* Main.storyboard in Resources */,
			);
			runOnlyForDeploymentPostprocessing = 0;
		};
/* End PBXResourcesBuildPhase section */

/* Begin PBXSourcesBuildPhase section */
		B386186420095605001FA4C5 /* Sources */ = {
			isa = PBXSourcesBuildPhase;
			buildActionMask = 2147483647;
			files = (
				B3007E02200D1DF500BE2C1E /* KIAppDelegateClone.m in Sources */,
				B35C1156200BDA8D009CF8CD /* KIDoctor.m in Sources */,
				B35C115C200BDB79009CF8CD /* KIBusinessMan.m in Sources */,
				B386187020095605001FA4C5 /* ViewController.m in Sources */,
				B386187B20095606001FA4C5 /* main.m in Sources */,
				B38618832009571C001FA4C5 /* KIGovernment.m in Sources */,
				B386186D20095605001FA4C5 /* AppDelegate.m in Sources */,
				B35C1159200BDB48009CF8CD /* KIPensioner.m in Sources */,
			);
			runOnlyForDeploymentPostprocessing = 0;
		};
/* End PBXSourcesBuildPhase section */

/* Begin PBXVariantGroup section */
		B386187120095606001FA4C5 /* Main.storyboard */ = {
			isa = PBXVariantGroup;
			children = (
				B386187220095606001FA4C5 /* Base */,
			);
			name = Main.storyboard;
			sourceTree = "<group>";
		};
		B386187620095606001FA4C5 /* LaunchScreen.storyboard */ = {
			isa = PBXVariantGroup;
			children = (
				B386187720095606001FA4C5 /* Base */,
			);
			name = LaunchScreen.storyboard;
			sourceTree = "<group>";
		};
/* End PBXVariantGroup section */

/* Begin XCBuildConfiguration section */
		B386187C20095606001FA4C5 /* Debug */ = {
			isa = XCBuildConfiguration;
			buildSettings = {
				ALWAYS_SEARCH_USER_PATHS = NO;
				CLANG_ANALYZER_NONNULL = YES;
				CLANG_ANALYZER_NUMBER_OBJECT_CONVERSION = YES_AGGRESSIVE;
				CLANG_CXX_LANGUAGE_STANDARD = "gnu++14";
				CLANG_CXX_LIBRARY = "libc++";
				CLANG_ENABLE_MODULES = YES;
				CLANG_ENABLE_OBJC_ARC = YES;
				CLANG_WARN_BLOCK_CAPTURE_AUTORELEASING = YES;
				CLANG_WARN_BOOL_CONVERSION = YES;
				CLANG_WARN_COMMA = YES;
				CLANG_WARN_CONSTANT_CONVERSION = YES;
				CLANG_WARN_DIRECT_OBJC_ISA_USAGE = YES_ERROR;
				CLANG_WARN_DOCUMENTATION_COMMENTS = YES;
				CLANG_WARN_EMPTY_BODY = YES;
				CLANG_WARN_ENUM_CONVERSION = YES;
				CLANG_WARN_INFINITE_RECURSION = YES;
				CLANG_WARN_INT_CONVERSION = YES;
				CLANG_WARN_NON_LITERAL_NULL_CONVERSION = YES;
				CLANG_WARN_OBJC_LITERAL_CONVERSION = YES;
				CLANG_WARN_OBJC_ROOT_CLASS = YES_ERROR;
				CLANG_WARN_RANGE_LOOP_ANALYSIS = YES;
				CLANG_WARN_STRICT_PROTOTYPES = YES;
				CLANG_WARN_SUSPICIOUS_MOVE = YES;
				CLANG_WARN_UNGUARDED_AVAILABILITY = YES_AGGRESSIVE;
				CLANG_WARN_UNREACHABLE_CODE = YES;
				CLANG_WARN__DUPLICATE_METHOD_MATCH = YES;
				CODE_SIGN_IDENTITY = "iPhone Developer";
				COPY_PHASE_STRIP = NO;
				DEBUG_INFORMATION_FORMAT = dwarf;
				ENABLE_STRICT_OBJC_MSGSEND = YES;
				ENABLE_TESTABILITY = YES;
				GCC_C_LANGUAGE_STANDARD = gnu11;
				GCC_DYNAMIC_NO_PIC = NO;
				GCC_NO_COMMON_BLOCKS = YES;
				GCC_OPTIMIZATION_LEVEL = 0;
				GCC_PREPROCESSOR_DEFINITIONS = (
					"DEBUG=1",
					"$(inherited)",
				);
				GCC_WARN_64_TO_32_BIT_CONVERSION = YES;
				GCC_WARN_ABOUT_RETURN_TYPE = YES_ERROR;
				GCC_WARN_UNDECLARED_SELECTOR = YES;
				GCC_WARN_UNINITIALIZED_AUTOS = YES_AGGRESSIVE;
				GCC_WARN_UNUSED_FUNCTION = YES;
				GCC_WARN_UNUSED_VARIABLE = YES;
				IPHONEOS_DEPLOYMENT_TARGET = 11.2;
				MTL_ENABLE_DEBUG_INFO = YES;
				ONLY_ACTIVE_ARCH = YES;
				SDKROOT = iphoneos;
			};
			name = Debug;
		};
		B386187D20095606001FA4C5 /* Release */ = {
			isa = XCBuildConfiguration;
			buildSettings = {
				ALWAYS_SEARCH_USER_PATHS = NO;
				CLANG_ANALYZER_NONNULL = YES;
				CLANG_ANALYZER_NUMBER_OBJECT_CONVERSION = YES_AGGRESSIVE;
				CLANG_CXX_LANGUAGE_STANDARD = "gnu++14";
				CLANG_CXX_LIBRARY = "libc++";
				CLANG_ENABLE_MODULES = YES;
				CLANG_ENABLE_OBJC_ARC = YES;
				CLANG_WARN_BLOCK_CAPTURE_AUTORELEASING = YES;
				CLANG_WARN_BOOL_CONVERSION = YES;
				CLANG_WARN_COMMA = YES;
				CLANG_WARN_CONSTANT_CONVERSION = YES;
				CLANG_WARN_DIRECT_OBJC_ISA_USAGE = YES_ERROR;
				CLANG_WARN_DOCUMENTATION_COMMENTS = YES;
				CLANG_WARN_EMPTY_BODY = YES;
				CLANG_WARN_ENUM_CONVERSION = YES;
				CLANG_WARN_INFINITE_RECURSION = YES;
				CLANG_WARN_INT_CONVERSION = YES;
				CLANG_WARN_NON_LITERAL_NULL_CONVERSION = YES;
				CLANG_WARN_OBJC_LITERAL_CONVERSION = YES;
				CLANG_WARN_OBJC_ROOT_CLASS = YES_ERROR;
				CLANG_WARN_RANGE_LOOP_ANALYSIS = YES;
				CLANG_WARN_STRICT_PROTOTYPES = YES;
				CLANG_WARN_SUSPICIOUS_MOVE = YES;
				CLANG_WARN_UNGUARDED_AVAILABILITY = YES_AGGRESSIVE;
				CLANG_WARN_UNREACHABLE_CODE = YES;
				CLANG_WARN__DUPLICATE_METHOD_MATCH = YES;
				CODE_SIGN_IDENTITY = "iPhone Developer";
				COPY_PHASE_STRIP = NO;
				DEBUG_INFORMATION_FORMAT = "dwarf-with-dsym";
				ENABLE_NS_ASSERTIONS = NO;
				ENABLE_STRICT_OBJC_MSGSEND = YES;
				GCC_C_LANGUAGE_STANDARD = gnu11;
				GCC_NO_COMMON_BLOCKS = YES;
				GCC_WARN_64_TO_32_BIT_CONVERSION = YES;
				GCC_WARN_ABOUT_RETURN_TYPE = YES_ERROR;
				GCC_WARN_UNDECLARED_SELECTOR = YES;
				GCC_WARN_UNINITIALIZED_AUTOS = YES_AGGRESSIVE;
				GCC_WARN_UNUSED_FUNCTION = YES;
				GCC_WARN_UNUSED_VARIABLE = YES;
				IPHONEOS_DEPLOYMENT_TARGET = 11.2;
				MTL_ENABLE_DEBUG_INFO = NO;
				SDKROOT = iphoneos;
				VALIDATE_PRODUCT = YES;
			};
			name = Release;
		};
		B386187F20095606001FA4C5 /* Debug */ = {
			isa = XCBuildConfiguration;
			buildSettings = {
				ASSETCATALOG_COMPILER_APPICON_NAME = AppIcon;
				CODE_SIGN_STYLE = Automatic;
				INFOPLIST_FILE = NotificationsHW/Info.plist;
				LD_RUNPATH_SEARCH_PATHS = "$(inherited) @executable_path/Frameworks";
				PRODUCT_BUNDLE_IDENTIFIER = n1ke71.NotificationsHW;
				PRODUCT_NAME = "$(TARGET_NAME)";
				TARGETED_DEVICE_FAMILY = "1,2";
			};
			name = Debug;
		};
		B386188020095606001FA4C5 /* Release */ = {
			isa = XCBuildConfiguration;
			buildSettings = {
				ASSETCATALOG_COMPILER_APPICON_NAME = AppIcon;
				CODE_SIGN_STYLE = Automatic;
				INFOPLIST_FILE = NotificationsHW/Info.plist;
				LD_RUNPATH_SEARCH_PATHS = "$(inherited) @executable_path/Frameworks";
				PRODUCT_BUNDLE_IDENTIFIER = n1ke71.NotificationsHW;
				PRODUCT_NAME = "$(TARGET_NAME)";
				TARGETED_DEVICE_FAMILY = "1,2";
			};
			name = Release;
		};
/* End XCBuildConfiguration section */

/* Begin XCConfigurationList section */
		B386186320095605001FA4C5 /* Build configuration list for PBXProject "NotificationsHW" */ = {
			isa = XCConfigurationList;
			buildConfigurations = (
				B386187C20095606001FA4C5 /* Debug */,
				B386187D20095606001FA4C5 /* Release */,
			);
			defaultConfigurationIsVisible = 0;
			defaultConfigurationName = Release;
		};
		B386187E20095606001FA4C5 /* Build configuration list for PBXNativeTarget "NotificationsHW" */ = {
			isa = XCConfigurationList;
			buildConfigurations = (
				B386187F20095606001FA4C5 /* Debug */,
				B386188020095606001FA4C5 /* Release */,
			);
			defaultConfigurationIsVisible = 0;
			defaultConfigurationName = Release;
		};
/* End XCConfigurationList section */
	};
	rootObject = B386186020095605001FA4C5 /* Project object */;
}
